// !$*UTF8*$!
{
	archiveVersion = 1;
	classes = {
	};
	objectVersion = 56;
	objects = {

/* Begin PBXBuildFile section */
		6138BB4129BF1DE900FC6AE8 /* MemorizaApp.swift in Sources */ = {isa = PBXBuildFile; fileRef = 6138BB4029BF1DE900FC6AE8 /* MemorizaApp.swift */; };
		6138BB4329BF1DE900FC6AE8 /* EmojiMemoryGameView.swift in Sources */ = {isa = PBXBuildFile; fileRef = 6138BB4229BF1DE900FC6AE8 /* EmojiMemoryGameView.swift */; };
		6138BB4529BF1DF600FC6AE8 /* Assets.xcassets in Resources */ = {isa = PBXBuildFile; fileRef = 6138BB4429BF1DF600FC6AE8 /* Assets.xcassets */; };
		6138BB4829BF1DF600FC6AE8 /* Preview Assets.xcassets in Resources */ = {isa = PBXBuildFile; fileRef = 6138BB4729BF1DF600FC6AE8 /* Preview Assets.xcassets */; };
		86195B382A3CAAA0006D4BCE /* AspectVGrid.swift in Sources */ = {isa = PBXBuildFile; fileRef = 86195B372A3CAAA0006D4BCE /* AspectVGrid.swift */; };
		8643CCB82A584458008D543D /* Pie.swift in Sources */ = {isa = PBXBuildFile; fileRef = 8643CCB72A584458008D543D /* Pie.swift */; };
		B575B16E29C46CCD00ABC693 /* MemoryGame.swift in Sources */ = {isa = PBXBuildFile; fileRef = B575B16D29C46CCD00ABC693 /* MemoryGame.swift */; };
		B575B17029C46F0100ABC693 /* EmojiMemoryGame.swift in Sources */ = {isa = PBXBuildFile; fileRef = B575B16F29C46F0100ABC693 /* EmojiMemoryGame.swift */; };
/* End PBXBuildFile section */

/* Begin PBXFileReference section */
		6138BB3D29BF1DE900FC6AE8 /* Memoriza.app */ = {isa = PBXFileReference; explicitFileType = wrapper.application; includeInIndex = 0; path = Memoriza.app; sourceTree = BUILT_PRODUCTS_DIR; };
		6138BB4029BF1DE900FC6AE8 /* MemorizaApp.swift */ = {isa = PBXFileReference; lastKnownFileType = sourcecode.swift; path = MemorizaApp.swift; sourceTree = "<group>"; };
		6138BB4229BF1DE900FC6AE8 /* EmojiMemoryGameView.swift */ = {isa = PBXFileReference; lastKnownFileType = sourcecode.swift; path = EmojiMemoryGameView.swift; sourceTree = "<group>"; };
		6138BB4429BF1DF600FC6AE8 /* Assets.xcassets */ = {isa = PBXFileReference; lastKnownFileType = folder.assetcatalog; path = Assets.xcassets; sourceTree = "<group>"; };
		6138BB4729BF1DF600FC6AE8 /* Preview Assets.xcassets */ = {isa = PBXFileReference; lastKnownFileType = folder.assetcatalog; path = "Preview Assets.xcassets"; sourceTree = "<group>"; };
		86195B372A3CAAA0006D4BCE /* AspectVGrid.swift */ = {isa = PBXFileReference; lastKnownFileType = sourcecode.swift; path = AspectVGrid.swift; sourceTree = "<group>"; };
		8643CCB72A584458008D543D /* Pie.swift */ = {isa = PBXFileReference; lastKnownFileType = sourcecode.swift; path = Pie.swift; sourceTree = "<group>"; };
		B575B16D29C46CCD00ABC693 /* MemoryGame.swift */ = {isa = PBXFileReference; lastKnownFileType = sourcecode.swift; path = MemoryGame.swift; sourceTree = "<group>"; };
		B575B16F29C46F0100ABC693 /* EmojiMemoryGame.swift */ = {isa = PBXFileReference; lastKnownFileType = sourcecode.swift; path = EmojiMemoryGame.swift; sourceTree = "<group>"; };
/* End PBXFileReference section */

/* Begin PBXFrameworksBuildPhase section */
		6138BB3A29BF1DE800FC6AE8 /* Frameworks */ = {
			isa = PBXFrameworksBuildPhase;
			buildActionMask = 2147483647;
			files = (
			);
			runOnlyForDeploymentPostprocessing = 0;
		};
/* End PBXFrameworksBuildPhase section */

/* Begin PBXGroup section */
		6138BB3429BF1DE800FC6AE8 = {
			isa = PBXGroup;
			children = (
				6138BB3F29BF1DE900FC6AE8 /* Memoriza */,
				6138BB3E29BF1DE900FC6AE8 /* Products */,
			);
			sourceTree = "<group>";
		};
		6138BB3E29BF1DE900FC6AE8 /* Products */ = {
			isa = PBXGroup;
			children = (
				6138BB3D29BF1DE900FC6AE8 /* Memoriza.app */,
			);
			name = Products;
			sourceTree = "<group>";
		};
		6138BB3F29BF1DE900FC6AE8 /* Memoriza */ = {
			isa = PBXGroup;
			children = (
				8643CCB72A584458008D543D /* Pie.swift */,
				B575B16D29C46CCD00ABC693 /* MemoryGame.swift */,
				B575B16F29C46F0100ABC693 /* EmojiMemoryGame.swift */,
				6138BB4229BF1DE900FC6AE8 /* EmojiMemoryGameView.swift */,
				86195B372A3CAAA0006D4BCE /* AspectVGrid.swift */,
				6138BB4029BF1DE900FC6AE8 /* MemorizaApp.swift */,
				6138BB4429BF1DF600FC6AE8 /* Assets.xcassets */,
				6138BB4629BF1DF600FC6AE8 /* Preview Content */,
			);
			path = Memoriza;
			sourceTree = "<group>";
		};
		6138BB4629BF1DF600FC6AE8 /* Preview Content */ = {
			isa = PBXGroup;
			children = (
				6138BB4729BF1DF600FC6AE8 /* Preview Assets.xcassets */,
			);
			path = "Preview Content";
			sourceTree = "<group>";
		};
/* End PBXGroup section */

/* Begin PBXNativeTarget section */
		6138BB3C29BF1DE800FC6AE8 /* Memoriza */ = {
			isa = PBXNativeTarget;
			buildConfigurationList = 6138BB4B29BF1DF600FC6AE8 /* Build configuration list for PBXNativeTarget "Memoriza" */;
			buildPhases = (
				6138BB3929BF1DE800FC6AE8 /* Sources */,
				6138BB3A29BF1DE800FC6AE8 /* Frameworks */,
				6138BB3B29BF1DE800FC6AE8 /* Resources */,
			);
			buildRules = (
			);
			dependencies = (
			);
			name = Memoriza;
			productName = Memoriza;
			productReference = 6138BB3D29BF1DE900FC6AE8 /* Memoriza.app */;
			productType = "com.apple.product-type.application";
		};
/* End PBXNativeTarget section */

/* Begin PBXProject section */
		6138BB3529BF1DE800FC6AE8 /* Project object */ = {
			isa = PBXProject;
			attributes = {
				BuildIndependentTargetsInParallel = 1;
				LastSwiftUpdateCheck = 1410;
				LastUpgradeCheck = 1410;
				TargetAttributes = {
					6138BB3C29BF1DE800FC6AE8 = {
						CreatedOnToolsVersion = 14.1;
					};
				};
			};
			buildConfigurationList = 6138BB3829BF1DE800FC6AE8 /* Build configuration list for PBXProject "Memoriza" */;
			compatibilityVersion = "Xcode 14.0";
			developmentRegion = en;
			hasScannedForEncodings = 0;
			knownRegions = (
				en,
				Base,
			);
			mainGroup = 6138BB3429BF1DE800FC6AE8;
			productRefGroup = 6138BB3E29BF1DE900FC6AE8 /* Products */;
			projectDirPath = "";
			projectRoot = "";
			targets = (
				6138BB3C29BF1DE800FC6AE8 /* Memoriza */,
			);
		};
/* End PBXProject section */

/* Begin PBXResourcesBuildPhase section */
		6138BB3B29BF1DE800FC6AE8 /* Resources */ = {
			isa = PBXResourcesBuildPhase;
			buildActionMask = 2147483647;
			files = (
				6138BB4829BF1DF600FC6AE8 /* Preview Assets.xcassets in Resources */,
				6138BB4529BF1DF600FC6AE8 /* Assets.xcassets in Resources */,
			);
			runOnlyForDeploymentPostprocessing = 0;
		};
/* End PBXResourcesBuildPhase section */

/* Begin PBXSourcesBuildPhase section */
		6138BB3929BF1DE800FC6AE8 /* Sources */ = {
			isa = PBXSourcesBuildPhase;
			buildActionMask = 2147483647;
			files = (
				8643CCB82A584458008D543D /* Pie.swift in Sources */,
				B575B16E29C46CCD00ABC693 /* MemoryGame.swift in Sources */,
				6138BB4329BF1DE900FC6AE8 /* EmojiMemoryGameView.swift in Sources */,
				6138BB4129BF1DE900FC6AE8 /* MemorizaApp.swift in Sources */,
				86195B382A3CAAA0006D4BCE /* AspectVGrid.swift in Sources */,
				B575B17029C46F0100ABC693 /* EmojiMemoryGame.swift in Sources */,
			);
			runOnlyForDeploymentPostprocessing = 0;
		};
/* End PBXSourcesBuildPhase section */

/* Begin XCBuildConfiguration section */
		6138BB4929BF1DF600FC6AE8 /* Debug */ = {
			isa = XCBuildConfiguration;
			buildSettings = {
				ALWAYS_SEARCH_USER_PATHS = NO;
				CLANG_ANALYZER_NONNULL = YES;
				CLANG_ANALYZER_NUMBER_OBJECT_CONVERSION = YES_AGGRESSIVE;
				CLANG_CXX_LANGUAGE_STANDARD = "gnu++20";
				CLANG_ENABLE_MODULES = YES;
				CLANG_ENABLE_OBJC_ARC = YES;
				CLANG_ENABLE_OBJC_WEAK = YES;
				CLANG_WARN_BLOCK_CAPTURE_AUTORELEASING = YES;
				CLANG_WARN_BOOL_CONVERSION = YES;
				CLANG_WARN_COMMA = YES;
				CLANG_WARN_CONSTANT_CONVERSION = YES;
				CLANG_WARN_DEPRECATED_OBJC_IMPLEMENTATIONS = YES;
				CLANG_WARN_DIRECT_OBJC_ISA_USAGE = YES_ERROR;
				CLANG_WARN_DOCUMENTATION_COMMENTS = YES;
				CLANG_WARN_EMPTY_BODY = YES;
				CLANG_WARN_ENUM_CONVERSION = YES;
				CLANG_WARN_INFINITE_RECURSION = YES;
				CLANG_WARN_INT_CONVERSION = YES;
				CLANG_WARN_NON_LITERAL_NULL_CONVERSION = YES;
				CLANG_WARN_OBJC_IMPLICIT_RETAIN_SELF = YES;
				CLANG_WARN_OBJC_LITERAL_CONVERSION = YES;
				CLANG_WARN_OBJC_ROOT_CLASS = YES_ERROR;
				CLANG_WARN_QUOTED_INCLUDE_IN_FRAMEWORK_HEADER = YES;
				CLANG_WARN_RANGE_LOOP_ANALYSIS = YES;
				CLANG_WARN_STRICT_PROTOTYPES = YES;
				CLANG_WARN_SUSPICIOUS_MOVE = YES;
				CLANG_WARN_UNGUARDED_AVAILABILITY = YES_AGGRESSIVE;
				CLANG_WARN_UNREACHABLE_CODE = YES;
				CLANG_WARN__DUPLICATE_METHOD_MATCH = YES;
				COPY_PHASE_STRIP = NO;
				DEBUG_INFORMATION_FORMAT = dwarf;
				ENABLE_STRICT_OBJC_MSGSEND = YES;
				ENABLE_TESTABILITY = YES;
				GCC_C_LANGUAGE_STANDARD = gnu11;
				GCC_DYNAMIC_NO_PIC = NO;
				GCC_NO_COMMON_BLOCKS = YES;
				GCC_OPTIMIZATION_LEVEL = 0;
				GCC_PREPROCESSOR_DEFINITIONS = (
					"DEBUG=1",
					"$(inherited)",
				);
				GCC_WARN_64_TO_32_BIT_CONVERSION = YES;
				GCC_WARN_ABOUT_RETURN_TYPE = YES_ERROR;
				GCC_WARN_UNDECLARED_SELECTOR = YES;
				GCC_WARN_UNINITIALIZED_AUTOS = YES_AGGRESSIVE;
				GCC_WARN_UNUSED_FUNCTION = YES;
				GCC_WARN_UNUSED_VARIABLE = YES;
				IPHONEOS_DEPLOYMENT_TARGET = 16.1;
				MTL_ENABLE_DEBUG_INFO = INCLUDE_SOURCE;
				MTL_FAST_MATH = YES;
				ONLY_ACTIVE_ARCH = YES;
				SDKROOT = iphoneos;
				SWIFT_ACTIVE_COMPILATION_CONDITIONS = DEBUG;
				SWIFT_OPTIMIZATION_LEVEL = "-Onone";
			};
			name = Debug;
		};
		6138BB4A29BF1DF600FC6AE8 /* Release */ = {
			isa = XCBuildConfiguration;
			buildSettings = {
				ALWAYS_SEARCH_USER_PATHS = NO;
				CLANG_ANALYZER_NONNULL = YES;
				CLANG_ANALYZER_NUMBER_OBJECT_CONVERSION = YES_AGGRESSIVE;
				CLANG_CXX_LANGUAGE_STANDARD = "gnu++20";
				CLANG_ENABLE_MODULES = YES;
				CLANG_ENABLE_OBJC_ARC = YES;
				CLANG_ENABLE_OBJC_WEAK = YES;
				CLANG_WARN_BLOCK_CAPTURE_AUTORELEASING = YES;
				CLANG_WARN_BOOL_CONVERSION = YES;
				CLANG_WARN_COMMA = YES;
				CLANG_WARN_CONSTANT_CONVERSION = YES;
				CLANG_WARN_DEPRECATED_OBJC_IMPLEMENTATIONS = YES;
				CLANG_WARN_DIRECT_OBJC_ISA_USAGE = YES_ERROR;
				CLANG_WARN_DOCUMENTATION_COMMENTS = YES;
				CLANG_WARN_EMPTY_BODY = YES;
				CLANG_WARN_ENUM_CONVERSION = YES;
				CLANG_WARN_INFINITE_RECURSION = YES;
				CLANG_WARN_INT_CONVERSION = YES;
				CLANG_WARN_NON_LITERAL_NULL_CONVERSION = YES;
				CLANG_WARN_OBJC_IMPLICIT_RETAIN_SELF = YES;
				CLANG_WARN_OBJC_LITERAL_CONVERSION = YES;
				CLANG_WARN_OBJC_ROOT_CLASS = YES_ERROR;
				CLANG_WARN_QUOTED_INCLUDE_IN_FRAMEWORK_HEADER = YES;
				CLANG_WARN_RANGE_LOOP_ANALYSIS = YES;
				CLANG_WARN_STRICT_PROTOTYPES = YES;
				CLANG_WARN_SUSPICIOUS_MOVE = YES;
				CLANG_WARN_UNGUARDED_AVAILABILITY = YES_AGGRESSIVE;
				CLANG_WARN_UNREACHABLE_CODE = YES;
				CLANG_WARN__DUPLICATE_METHOD_MATCH = YES;
				COPY_PHASE_STRIP = NO;
				DEBUG_INFORMATION_FORMAT = "dwarf-with-dsym";
				ENABLE_NS_ASSERTIONS = NO;
				ENABLE_STRICT_OBJC_MSGSEND = YES;
				GCC_C_LANGUAGE_STANDARD = gnu11;
				GCC_NO_COMMON_BLOCKS = YES;
				GCC_WARN_64_TO_32_BIT_CONVERSION = YES;
				GCC_WARN_ABOUT_RETURN_TYPE = YES_ERROR;
				GCC_WARN_UNDECLARED_SELECTOR = YES;
				GCC_WARN_UNINITIALIZED_AUTOS = YES_AGGRESSIVE;
				GCC_WARN_UNUSED_FUNCTION = YES;
				GCC_WARN_UNUSED_VARIABLE = YES;
				IPHONEOS_DEPLOYMENT_TARGET = 16.1;
				MTL_ENABLE_DEBUG_INFO = NO;
				MTL_FAST_MATH = YES;
				SDKROOT = iphoneos;
				SWIFT_COMPILATION_MODE = wholemodule;
				SWIFT_OPTIMIZATION_LEVEL = "-O";
				VALIDATE_PRODUCT = YES;
			};
			name = Release;
		};
		6138BB4C29BF1DF600FC6AE8 /* Debug */ = {
			isa = XCBuildConfiguration;
			buildSettings = {
				ASSETCATALOG_COMPILER_APPICON_NAME = AppIcon;
				ASSETCATALOG_COMPILER_GLOBAL_ACCENT_COLOR_NAME = AccentColor;
				CODE_SIGN_STYLE = Automatic;
				CURRENT_PROJECT_VERSION = 1;
				DEVELOPMENT_ASSET_PATHS = "\"Memoriza/Preview Content\"";
				ENABLE_PREVIEWS = YES;
				GENERATE_INFOPLIST_FILE = YES;
				INFOPLIST_KEY_UIApplicationSceneManifest_Generation = YES;
				INFOPLIST_KEY_UIApplicationSupportsIndirectInputEvents = YES;
				INFOPLIST_KEY_UILaunchScreen_Generation = YES;
				INFOPLIST_KEY_UISupportedInterfaceOrientations_iPad = "UIInterfaceOrientationPortrait UIInterfaceOrientationPortraitUpsideDown UIInterfaceOrientationLandscapeLeft UIInterfaceOrientationLandscapeRight";
				INFOPLIST_KEY_UISupportedInterfaceOrientations_iPhone = "UIInterfaceOrientationPortrait UIInterfaceOrientationLandscapeLeft UIInterfaceOrientationLandscapeRight";
				LD_RUNPATH_SEARCH_PATHS = (
					"$(inherited)",
					"@executable_path/Frameworks",
				);
				MARKETING_VERSION = 1.0;
				PRODUCT_BUNDLE_IDENTIFIER = patot.jeremie.CS193p.Memoriza;
				PRODUCT_NAME = "$(TARGET_NAME)";
				SWIFT_EMIT_LOC_STRINGS = YES;
				SWIFT_VERSION = 5.0;
				TARGETED_DEVICE_FAMILY = "1,2";
			};
			name = Debug;
		};
		6138BB4D29BF1DF600FC6AE8 /* Release */ = {
			isa = XCBuildConfiguration;
			buildSettings = {
				ASSETCATALOG_COMPILER_APPICON_NAME = AppIcon;
				ASSETCATALOG_COMPILER_GLOBAL_ACCENT_COLOR_NAME = AccentColor;
				CODE_SIGN_STYLE = Automatic;
				CURRENT_PROJECT_VERSION = 1;
				DEVELOPMENT_ASSET_PATHS = "\"Memoriza/Preview Content\"";
				ENABLE_PREVIEWS = YES;
				GENERATE_INFOPLIST_FILE = YES;
				INFOPLIST_KEY_UIApplicationSceneManifest_Generation = YES;
				INFOPLIST_KEY_UIApplicationSupportsIndirectInputEvents = YES;
				INFOPLIST_KEY_UILaunchScreen_Generation = YES;
				INFOPLIST_KEY_UISupportedInterfaceOrientations_iPad = "UIInterfaceOrientationPortrait UIInterfaceOrientationPortraitUpsideDown UIInterfaceOrientationLandscapeLeft UIInterfaceOrientationLandscapeRight";
				INFOPLIST_KEY_UISupportedInterfaceOrientations_iPhone = "UIInterfaceOrientationPortrait UIInterfaceOrientationLandscapeLeft UIInterfaceOrientationLandscapeRight";
				LD_RUNPATH_SEARCH_PATHS = (
					"$(inherited)",
					"@executable_path/Frameworks",
				);
				MARKETING_VERSION = 1.0;
				PRODUCT_BUNDLE_IDENTIFIER = patot.jeremie.CS193p.Memoriza;
				PRODUCT_NAME = "$(TARGET_NAME)";
				SWIFT_EMIT_LOC_STRINGS = YES;
				SWIFT_VERSION = 5.0;
				TARGETED_DEVICE_FAMILY = "1,2";
			};
			name = Release;
		};
/* End XCBuildConfiguration section */

/* Begin XCConfigurationList section */
		6138BB3829BF1DE800FC6AE8 /* Build configuration list for PBXProject "Memoriza" */ = {
			isa = XCConfigurationList;
			buildConfigurations = (
				6138BB4929BF1DF600FC6AE8 /* Debug */,
				6138BB4A29BF1DF600FC6AE8 /* Release */,
			);
			defaultConfigurationIsVisible = 0;
			defaultConfigurationName = Release;
		};
		6138BB4B29BF1DF600FC6AE8 /* Build configuration list for PBXNativeTarget "Memoriza" */ = {
			isa = XCConfigurationList;
			buildConfigurations = (
				6138BB4C29BF1DF600FC6AE8 /* Debug */,
				6138BB4D29BF1DF600FC6AE8 /* Release */,
			);
			defaultConfigurationIsVisible = 0;
			defaultConfigurationName = Release;
		};
/* End XCConfigurationList section */
	};
	rootObject = 6138BB3529BF1DE800FC6AE8 /* Project object */;
}
